
Microsoft Visual Studio Solution File, Format Version 12.00
# Visual Studio Version 16
VisualStudioVersion = 16.0.31229.75
MinimumVisualStudioVersion = 10.0.40219.1
Project("{9A19103F-16F7-4668-BE54-9A1E7A4F7556}") = "BAI_1.0_ONTAP_CSHARP1_CRUD", "BAI_1.0_ONTAP_CSHARP1_CRUD\BAI_1.0_ONTAP_CSHARP1_CRUD.csproj", "{42213908-8860-4039-9217-AC111C262DAD}"
EndProject
Project("{9A19103F-16F7-4668-BE54-9A1E7A4F7556}") = "BAI_1.1_ONTAP_CSHARP1_CRUD_NANGCAO", "BAI_1.1_ONTAP_CSHARP1_CRUD_NANGCAO\BAI_1.1_ONTAP_CSHARP1_CRUD_NANGCAO.csproj", "{3759254B-A0EC-4748-BFF2-58BDCD8E82CF}"
EndProject
Project("{9A19103F-16F7-4668-BE54-9A1E7A4F7556}") = "BAI_1.2_DELEGATE", "BAI_1.2_DELEGATE\BAI_1.2_DELEGATE.csproj", "{CA528028-6D0E-49F1-88B3-5C2C968CFC96}"
EndProject
Project("{9A19103F-16F7-4668-BE54-9A1E7A4F7556}") = "BAI_1.3_DELEGATE_ACTION_FUNC", "BAI_1.3_DELEGATE_ACTION_FUNC\BAI_1.3_DELEGATE_ACTION_FUNC.csproj", "{A0743AB9-3A6C-43E8-A218-886D6343F820}"
EndProject
Project("{9A19103F-16F7-4668-BE54-9A1E7A4F7556}") = "BAI_1.4_DELEGATE_EVENT", "BAI_1.4_DELEGATE_EVENT\BAI_1.4_DELEGATE_EVENT.csproj", "{0B3FDAE1-1CB2-4B2B-8BA5-6DF8914FFBF1}"
EndProject
Project("{9A19103F-16F7-4668-BE54-9A1E7A4F7556}") = "BAI_1.5_DELEGATE_EVENT2", "BAI_1.5_DELEGATE_EVENT2\BAI_1.5_DELEGATE_EVENT2.csproj", "{4E1413E8-4C99-4276-917C-5A2403325F5D}"
EndProject
Project("{9A19103F-16F7-4668-BE54-9A1E7A4F7556}") = "BAI_1.6_DELEGATE_EVENT3", "BAI_1.6_DELEGATE_EVENT3\BAI_1.6_DELEGATE_EVENT3.csproj", "{A7E62FFA-EA24-4451-8BCE-BE4A3E63F723}"
EndProject
Project("{FAE04EC0-301F-11D3-BF4B-00C04F79EFBC}") = "BAI_1.7_EXCEPTION", "BAI_1.5_EXCEPTION\BAI_1.7_EXCEPTION.csproj", "{B8157C3A-F21A-4397-9FAB-3ECDEBB10840}"
EndProject
Global
	GlobalSection(SolutionConfigurationPlatforms) = preSolution
		Debug|Any CPU = Debug|Any CPU
		Release|Any CPU = Release|Any CPU
	EndGlobalSection
	GlobalSection(ProjectConfigurationPlatforms) = postSolution
		{42213908-8860-4039-9217-AC111C262DAD}.Debug|Any CPU.ActiveCfg = Debug|Any CPU
		{42213908-8860-4039-9217-AC111C262DAD}.Debug|Any CPU.Build.0 = Debug|Any CPU
		{42213908-8860-4039-9217-AC111C262DAD}.Release|Any CPU.ActiveCfg = Release|Any CPU
		{42213908-8860-4039-9217-AC111C262DAD}.Release|Any CPU.Build.0 = Release|Any CPU
		{3759254B-A0EC-4748-BFF2-58BDCD8E82CF}.Debug|Any CPU.ActiveCfg = Debug|Any CPU
		{3759254B-A0EC-4748-BFF2-58BDCD8E82CF}.Debug|Any CPU.Build.0 = Debug|Any CPU
		{3759254B-A0EC-4748-BFF2-58BDCD8E82CF}.Release|Any CPU.ActiveCfg = Release|Any CPU
		{3759254B-A0EC-4748-BFF2-58BDCD8E82CF}.Release|Any CPU.Build.0 = Release|Any CPU
		{CA528028-6D0E-49F1-88B3-5C2C968CFC96}.Debug|Any CPU.ActiveCfg = Debug|Any CPU
		{CA528028-6D0E-49F1-88B3-5C2C968CFC96}.Debug|Any CPU.Build.0 = Debug|Any CPU
		{CA528028-6D0E-49F1-88B3-5C2C968CFC96}.Release|Any CPU.ActiveCfg = Release|Any CPU
		{CA528028-6D0E-49F1-88B3-5C2C968CFC96}.Release|Any CPU.Build.0 = Release|Any CPU
		{A0743AB9-3A6C-43E8-A218-886D6343F820}.Debug|Any CPU.ActiveCfg = Debug|Any CPU
		{A0743AB9-3A6C-43E8-A218-886D6343F820}.Debug|Any CPU.Build.0 = Debug|Any CPU
		{A0743AB9-3A6C-43E8-A218-886D6343F820}.Release|Any CPU.ActiveCfg = Release|Any CPU
		{A0743AB9-3A6C-43E8-A218-886D6343F820}.Release|Any CPU.Build.0 = Release|Any CPU
		{0B3FDAE1-1CB2-4B2B-8BA5-6DF8914FFBF1}.Debug|Any CPU.ActiveCfg = Debug|Any CPU
		{0B3FDAE1-1CB2-4B2B-8BA5-6DF8914FFBF1}.Debug|Any CPU.Build.0 = Debug|Any CPU
		{0B3FDAE1-1CB2-4B2B-8BA5-6DF8914FFBF1}.Release|Any CPU.ActiveCfg = Release|Any CPU
		{0B3FDAE1-1CB2-4B2B-8BA5-6DF8914FFBF1}.Release|Any CPU.Build.0 = Release|Any CPU
		{4E1413E8-4C99-4276-917C-5A2403325F5D}.Debug|Any CPU.ActiveCfg = Debug|Any CPU
		{4E1413E8-4C99-4276-917C-5A2403325F5D}.Debug|Any CPU.Build.0 = Debug|Any CPU
		{4E1413E8-4C99-4276-917C-5A2403325F5D}.Release|Any CPU.ActiveCfg = Release|Any CPU
		{4E1413E8-4C99-4276-917C-5A2403325F5D}.Release|Any CPU.Build.0 = Release|Any CPU
		{A7E62FFA-EA24-4451-8BCE-BE4A3E63F723}.Debug|Any CPU.ActiveCfg = Debug|Any CPU
		{A7E62FFA-EA24-4451-8BCE-BE4A3E63F723}.Debug|Any CPU.Build.0 = Debug|Any CPU
		{A7E62FFA-EA24-4451-8BCE-BE4A3E63F723}.Release|Any CPU.ActiveCfg = Release|Any CPU
		{A7E62FFA-EA24-4451-8BCE-BE4A3E63F723}.Release|Any CPU.Build.0 = Release|Any CPU
		{B8157C3A-F21A-4397-9FAB-3ECDEBB10840}.Debug|Any CPU.ActiveCfg = Debug|Any CPU
		{B8157C3A-F21A-4397-9FAB-3ECDEBB10840}.Debug|Any CPU.Build.0 = Debug|Any CPU
		{B8157C3A-F21A-4397-9FAB-3ECDEBB10840}.Release|Any CPU.ActiveCfg = Release|Any CPU
		{B8157C3A-F21A-4397-9FAB-3ECDEBB10840}.Release|Any CPU.Build.0 = Release|Any CPU
	EndGlobalSection
	GlobalSection(SolutionProperties) = preSolution
		HideSolutionNode = FALSE
	EndGlobalSection
	GlobalSection(ExtensibilityGlobals) = postSolution
		SolutionGuid = {DE8B45F4-0941-4B51-B944-F730D264FA17}
	EndGlobalSection
EndGlobal
