
Microsoft Visual Studio Solution File, Format Version 12.00
# Visual Studio Version 16
VisualStudioVersion = 16.0.31229.75
MinimumVisualStudioVersion = 10.0.40219.1
Project("{9A19103F-16F7-4668-BE54-9A1E7A4F7556}") = "BAI_1.0_ONTAP_CSHARP1_CRUD", "BAI_1.0_ONTAP_CSHARP1_CRUD\BAI_1.0_ONTAP_CSHARP1_CRUD.csproj", "{42213908-8860-4039-9217-AC111C262DAD}"
EndProject
Project("{9A19103F-16F7-4668-BE54-9A1E7A4F7556}") = "BAI_1.1_ONTAP_CSHARP1_CRUD_NANGCAO", "BAI_1.1_ONTAP_CSHARP1_CRUD_NANGCAO\BAI_1.1_ONTAP_CSHARP1_CRUD_NANGCAO.csproj", "{3759254B-A0EC-4748-BFF2-58BDCD8E82CF}"
EndProject
Project("{9A19103F-16F7-4668-BE54-9A1E7A4F7556}") = "BAI_1.2_DELEGATE", "BAI_1.2_DELEGATE\BAI_1.2_DELEGATE.csproj", "{CA528028-6D0E-49F1-88B3-5C2C968CFC96}"
EndProject
Project("{9A19103F-16F7-4668-BE54-9A1E7A4F7556}") = "BAI_1.3_DELEGATE_ACTION_FUNC", "BAI_1.3_DELEGATE_ACTION_FUNC\BAI_1.3_DELEGATE_ACTION_FUNC.csproj", "{A0743AB9-3A6C-43E8-A218-886D6343F820}"
EndProject
Project("{9A19103F-16F7-4668-BE54-9A1E7A4F7556}") = "BAI_1.4_DELEGATE_EVENT", "BAI_1.4_DELEGATE_EVENT\BAI_1.4_DELEGATE_EVENT.csproj", "{0B3FDAE1-1CB2-4B2B-8BA5-6DF8914FFBF1}"
EndProject
Project("{9A19103F-16F7-4668-BE54-9A1E7A4F7556}") = "BAI_1.5_DELEGATE_EVENT2", "BAI_1.5_DELEGATE_EVENT2\BAI_1.5_DELEGATE_EVENT2.csproj", "{4E1413E8-4C99-4276-917C-5A2403325F5D}"
EndProject
Project("{9A19103F-16F7-4668-BE54-9A1E7A4F7556}") = "BAI_1.6_DELEGATE_EVENT3", "BAI_1.6_DELEGATE_EVENT3\BAI_1.6_DELEGATE_EVENT3.csproj", "{A7E62FFA-EA24-4451-8BCE-BE4A3E63F723}"
EndProject
Project("{9A19103F-16F7-4668-BE54-9A1E7A4F7556}") = "BAI_1.7_EXCEPTION", "BAI_1.5_EXCEPTION\BAI_1.7_EXCEPTION.csproj", "{B8157C3A-F21A-4397-9FAB-3ECDEBB10840}"
EndProject
Project("{9A19103F-16F7-4668-BE54-9A1E7A4F7556}") = "BAI_1.8_DINH_NGHIA_CLASS_EXCEPTION", "BAI_1.8_DINH_NGHIA_CLASS_EXCEPTION\BAI_1.8_DINH_NGHIA_CLASS_EXCEPTION.csproj", "{6536F92C-4C17-4D6C-A039-BDA098A54206}"
EndProject
Project("{9A19103F-16F7-4668-BE54-9A1E7A4F7556}") = "BAI_1.9_COLLECTION", "BAI_1.9_COLLECTION\BAI_1.9_COLLECTION.csproj", "{909D6E4F-D463-4BAA-8685-C1D0025821EB}"
EndProject
Project("{9A19103F-16F7-4668-BE54-9A1E7A4F7556}") = "BAI_2.0_GENERIC", "BAI_2.0_GENERIC\BAI_2.0_GENERIC.csproj", "{76478FAD-5692-465B-993D-6D56E7E88DA5}"
EndProject
Project("{9A19103F-16F7-4668-BE54-9A1E7A4F7556}") = "BAI_2.1_GENERIC_COLLECTIONS", "BAI_2.1_GENERIC_COLLECTIONS\BAI_2.1_GENERIC_COLLECTIONS.csproj", "{CDDF265A-9103-40EE-A62E-2A55D4B0C410}"
EndProject
Project("{9A19103F-16F7-4668-BE54-9A1E7A4F7556}") = "BAI_2.2_CLASS_GENERIC", "BAI_2.2_CLASS_GENERIC\BAI_2.2_CLASS_GENERIC.csproj", "{E3F967D9-B0CC-40FE-895D-DD7803F87215}"
EndProject
Project("{9A19103F-16F7-4668-BE54-9A1E7A4F7556}") = "BAI_2.3_PARTIAL_CLASS_METHOD", "BAI_2.3_PARTIAL_CLASS_METHOD\BAI_2.3_PARTIAL_CLASS_METHOD.csproj", "{90DE7276-508A-4C00-9244-BF45EFC25BA9}"
EndProject
Project("{9A19103F-16F7-4668-BE54-9A1E7A4F7556}") = "BAI_2.4_IMPLICITLY_VA_DYNAMIC_TYPE", "BAI_2.4_IMPLICITLY_VA_DYNAMIC_TYPE\BAI_2.4_IMPLICITLY_VA_DYNAMIC_TYPE.csproj", "{AA590C54-D36A-4968-BA8F-8B588512ECA9}"
EndProject
Project("{9A19103F-16F7-4668-BE54-9A1E7A4F7556}") = "BAI_2.5_NULLABLE_TYPED", "BAI_2.5_NULLABLE_TYPED\BAI_2.5_NULLABLE_TYPED.csproj", "{59163896-4B07-42A8-8270-FFD3EE1752CC}"
EndProject
Project("{9A19103F-16F7-4668-BE54-9A1E7A4F7556}") = "BAI_2.6_ANONYMOUS_TYPED", "BAI_2.6_ANONYMOUS_TYPED\BAI_2.6_ANONYMOUS_TYPED.csproj", "{78AC6371-30DE-4FD1-B6C9-FDF0C61FB892}"
EndProject
Project("{9A19103F-16F7-4668-BE54-9A1E7A4F7556}") = "BAI_2.7_THAO_TAC_VOI_TAP_TIN_System.IO", "BAI_2.7_THAO_TAC_VOI_TAP_TIN_System.IO\BAI_2.7_THAO_TAC_VOI_TAP_TIN_System.IO.csproj", "{FC24B362-8055-48CF-A334-BE9789B0CD9C}"
EndProject
Project("{9A19103F-16F7-4668-BE54-9A1E7A4F7556}") = "BAI_2.8_DocGhiDoiTuong", "BAI_2.8_DocGhiDoiTuong\BAI_2.8_DocGhiDoiTuong.csproj", "{37387B7A-950E-47EA-8C27-E8125ADF5336}"
EndProject
Project("{FAE04EC0-301F-11D3-BF4B-00C04F79EFBC}") = "BAI_2.9_BietThucLAMBDA", "BAI_2.9_BietThucLAMBDA\BAI_2.9_BietThucLAMBDA.csproj", "{2D3CAE36-7D68-4966-92D8-57DFA1788519}"
EndProject
Project("{FAE04EC0-301F-11D3-BF4B-00C04F79EFBC}") = "BAI_3.0_LINQ", "BAI_3.0_LINQ\BAI_3.0_LINQ.csproj", "{FFE9687C-3F7F-4CDA-8F9B-DD2203E1682A}"
EndProject
Global
	GlobalSection(SolutionConfigurationPlatforms) = preSolution
		Debug|Any CPU = Debug|Any CPU
		Release|Any CPU = Release|Any CPU
	EndGlobalSection
	GlobalSection(ProjectConfigurationPlatforms) = postSolution
		{42213908-8860-4039-9217-AC111C262DAD}.Debug|Any CPU.ActiveCfg = Debug|Any CPU
		{42213908-8860-4039-9217-AC111C262DAD}.Debug|Any CPU.Build.0 = Debug|Any CPU
		{42213908-8860-4039-9217-AC111C262DAD}.Release|Any CPU.ActiveCfg = Release|Any CPU
		{42213908-8860-4039-9217-AC111C262DAD}.Release|Any CPU.Build.0 = Release|Any CPU
		{3759254B-A0EC-4748-BFF2-58BDCD8E82CF}.Debug|Any CPU.ActiveCfg = Debug|Any CPU
		{3759254B-A0EC-4748-BFF2-58BDCD8E82CF}.Debug|Any CPU.Build.0 = Debug|Any CPU
		{3759254B-A0EC-4748-BFF2-58BDCD8E82CF}.Release|Any CPU.ActiveCfg = Release|Any CPU
		{3759254B-A0EC-4748-BFF2-58BDCD8E82CF}.Release|Any CPU.Build.0 = Release|Any CPU
		{CA528028-6D0E-49F1-88B3-5C2C968CFC96}.Debug|Any CPU.ActiveCfg = Debug|Any CPU
		{CA528028-6D0E-49F1-88B3-5C2C968CFC96}.Debug|Any CPU.Build.0 = Debug|Any CPU
		{CA528028-6D0E-49F1-88B3-5C2C968CFC96}.Release|Any CPU.ActiveCfg = Release|Any CPU
		{CA528028-6D0E-49F1-88B3-5C2C968CFC96}.Release|Any CPU.Build.0 = Release|Any CPU
		{A0743AB9-3A6C-43E8-A218-886D6343F820}.Debug|Any CPU.ActiveCfg = Debug|Any CPU
		{A0743AB9-3A6C-43E8-A218-886D6343F820}.Debug|Any CPU.Build.0 = Debug|Any CPU
		{A0743AB9-3A6C-43E8-A218-886D6343F820}.Release|Any CPU.ActiveCfg = Release|Any CPU
		{A0743AB9-3A6C-43E8-A218-886D6343F820}.Release|Any CPU.Build.0 = Release|Any CPU
		{0B3FDAE1-1CB2-4B2B-8BA5-6DF8914FFBF1}.Debug|Any CPU.ActiveCfg = Debug|Any CPU
		{0B3FDAE1-1CB2-4B2B-8BA5-6DF8914FFBF1}.Debug|Any CPU.Build.0 = Debug|Any CPU
		{0B3FDAE1-1CB2-4B2B-8BA5-6DF8914FFBF1}.Release|Any CPU.ActiveCfg = Release|Any CPU
		{0B3FDAE1-1CB2-4B2B-8BA5-6DF8914FFBF1}.Release|Any CPU.Build.0 = Release|Any CPU
		{4E1413E8-4C99-4276-917C-5A2403325F5D}.Debug|Any CPU.ActiveCfg = Debug|Any CPU
		{4E1413E8-4C99-4276-917C-5A2403325F5D}.Debug|Any CPU.Build.0 = Debug|Any CPU
		{4E1413E8-4C99-4276-917C-5A2403325F5D}.Release|Any CPU.ActiveCfg = Release|Any CPU
		{4E1413E8-4C99-4276-917C-5A2403325F5D}.Release|Any CPU.Build.0 = Release|Any CPU
		{A7E62FFA-EA24-4451-8BCE-BE4A3E63F723}.Debug|Any CPU.ActiveCfg = Debug|Any CPU
		{A7E62FFA-EA24-4451-8BCE-BE4A3E63F723}.Debug|Any CPU.Build.0 = Debug|Any CPU
		{A7E62FFA-EA24-4451-8BCE-BE4A3E63F723}.Release|Any CPU.ActiveCfg = Release|Any CPU
		{A7E62FFA-EA24-4451-8BCE-BE4A3E63F723}.Release|Any CPU.Build.0 = Release|Any CPU
		{B8157C3A-F21A-4397-9FAB-3ECDEBB10840}.Debug|Any CPU.ActiveCfg = Debug|Any CPU
		{B8157C3A-F21A-4397-9FAB-3ECDEBB10840}.Debug|Any CPU.Build.0 = Debug|Any CPU
		{B8157C3A-F21A-4397-9FAB-3ECDEBB10840}.Release|Any CPU.ActiveCfg = Release|Any CPU
		{B8157C3A-F21A-4397-9FAB-3ECDEBB10840}.Release|Any CPU.Build.0 = Release|Any CPU
		{6536F92C-4C17-4D6C-A039-BDA098A54206}.Debug|Any CPU.ActiveCfg = Debug|Any CPU
		{6536F92C-4C17-4D6C-A039-BDA098A54206}.Debug|Any CPU.Build.0 = Debug|Any CPU
		{6536F92C-4C17-4D6C-A039-BDA098A54206}.Release|Any CPU.ActiveCfg = Release|Any CPU
		{6536F92C-4C17-4D6C-A039-BDA098A54206}.Release|Any CPU.Build.0 = Release|Any CPU
		{909D6E4F-D463-4BAA-8685-C1D0025821EB}.Debug|Any CPU.ActiveCfg = Debug|Any CPU
		{909D6E4F-D463-4BAA-8685-C1D0025821EB}.Debug|Any CPU.Build.0 = Debug|Any CPU
		{909D6E4F-D463-4BAA-8685-C1D0025821EB}.Release|Any CPU.ActiveCfg = Release|Any CPU
		{909D6E4F-D463-4BAA-8685-C1D0025821EB}.Release|Any CPU.Build.0 = Release|Any CPU
		{76478FAD-5692-465B-993D-6D56E7E88DA5}.Debug|Any CPU.ActiveCfg = Debug|Any CPU
		{76478FAD-5692-465B-993D-6D56E7E88DA5}.Debug|Any CPU.Build.0 = Debug|Any CPU
		{76478FAD-5692-465B-993D-6D56E7E88DA5}.Release|Any CPU.ActiveCfg = Release|Any CPU
		{76478FAD-5692-465B-993D-6D56E7E88DA5}.Release|Any CPU.Build.0 = Release|Any CPU
		{CDDF265A-9103-40EE-A62E-2A55D4B0C410}.Debug|Any CPU.ActiveCfg = Debug|Any CPU
		{CDDF265A-9103-40EE-A62E-2A55D4B0C410}.Debug|Any CPU.Build.0 = Debug|Any CPU
		{CDDF265A-9103-40EE-A62E-2A55D4B0C410}.Release|Any CPU.ActiveCfg = Release|Any CPU
		{CDDF265A-9103-40EE-A62E-2A55D4B0C410}.Release|Any CPU.Build.0 = Release|Any CPU
		{E3F967D9-B0CC-40FE-895D-DD7803F87215}.Debug|Any CPU.ActiveCfg = Debug|Any CPU
		{E3F967D9-B0CC-40FE-895D-DD7803F87215}.Debug|Any CPU.Build.0 = Debug|Any CPU
		{E3F967D9-B0CC-40FE-895D-DD7803F87215}.Release|Any CPU.ActiveCfg = Release|Any CPU
		{E3F967D9-B0CC-40FE-895D-DD7803F87215}.Release|Any CPU.Build.0 = Release|Any CPU
		{90DE7276-508A-4C00-9244-BF45EFC25BA9}.Debug|Any CPU.ActiveCfg = Debug|Any CPU
		{90DE7276-508A-4C00-9244-BF45EFC25BA9}.Debug|Any CPU.Build.0 = Debug|Any CPU
		{90DE7276-508A-4C00-9244-BF45EFC25BA9}.Release|Any CPU.ActiveCfg = Release|Any CPU
		{90DE7276-508A-4C00-9244-BF45EFC25BA9}.Release|Any CPU.Build.0 = Release|Any CPU
		{AA590C54-D36A-4968-BA8F-8B588512ECA9}.Debug|Any CPU.ActiveCfg = Debug|Any CPU
		{AA590C54-D36A-4968-BA8F-8B588512ECA9}.Debug|Any CPU.Build.0 = Debug|Any CPU
		{AA590C54-D36A-4968-BA8F-8B588512ECA9}.Release|Any CPU.ActiveCfg = Release|Any CPU
		{AA590C54-D36A-4968-BA8F-8B588512ECA9}.Release|Any CPU.Build.0 = Release|Any CPU
		{59163896-4B07-42A8-8270-FFD3EE1752CC}.Debug|Any CPU.ActiveCfg = Debug|Any CPU
		{59163896-4B07-42A8-8270-FFD3EE1752CC}.Debug|Any CPU.Build.0 = Debug|Any CPU
		{59163896-4B07-42A8-8270-FFD3EE1752CC}.Release|Any CPU.ActiveCfg = Release|Any CPU
		{59163896-4B07-42A8-8270-FFD3EE1752CC}.Release|Any CPU.Build.0 = Release|Any CPU
		{78AC6371-30DE-4FD1-B6C9-FDF0C61FB892}.Debug|Any CPU.ActiveCfg = Debug|Any CPU
		{78AC6371-30DE-4FD1-B6C9-FDF0C61FB892}.Debug|Any CPU.Build.0 = Debug|Any CPU
		{78AC6371-30DE-4FD1-B6C9-FDF0C61FB892}.Release|Any CPU.ActiveCfg = Release|Any CPU
		{78AC6371-30DE-4FD1-B6C9-FDF0C61FB892}.Release|Any CPU.Build.0 = Release|Any CPU
		{FC24B362-8055-48CF-A334-BE9789B0CD9C}.Debug|Any CPU.ActiveCfg = Debug|Any CPU
		{FC24B362-8055-48CF-A334-BE9789B0CD9C}.Debug|Any CPU.Build.0 = Debug|Any CPU
		{FC24B362-8055-48CF-A334-BE9789B0CD9C}.Release|Any CPU.ActiveCfg = Release|Any CPU
		{FC24B362-8055-48CF-A334-BE9789B0CD9C}.Release|Any CPU.Build.0 = Release|Any CPU
		{37387B7A-950E-47EA-8C27-E8125ADF5336}.Debug|Any CPU.ActiveCfg = Debug|Any CPU
		{37387B7A-950E-47EA-8C27-E8125ADF5336}.Debug|Any CPU.Build.0 = Debug|Any CPU
		{37387B7A-950E-47EA-8C27-E8125ADF5336}.Release|Any CPU.ActiveCfg = Release|Any CPU
		{37387B7A-950E-47EA-8C27-E8125ADF5336}.Release|Any CPU.Build.0 = Release|Any CPU
		{2D3CAE36-7D68-4966-92D8-57DFA1788519}.Debug|Any CPU.ActiveCfg = Debug|Any CPU
		{2D3CAE36-7D68-4966-92D8-57DFA1788519}.Debug|Any CPU.Build.0 = Debug|Any CPU
		{2D3CAE36-7D68-4966-92D8-57DFA1788519}.Release|Any CPU.ActiveCfg = Release|Any CPU
		{2D3CAE36-7D68-4966-92D8-57DFA1788519}.Release|Any CPU.Build.0 = Release|Any CPU
		{FFE9687C-3F7F-4CDA-8F9B-DD2203E1682A}.Debug|Any CPU.ActiveCfg = Debug|Any CPU
		{FFE9687C-3F7F-4CDA-8F9B-DD2203E1682A}.Debug|Any CPU.Build.0 = Debug|Any CPU
		{FFE9687C-3F7F-4CDA-8F9B-DD2203E1682A}.Release|Any CPU.ActiveCfg = Release|Any CPU
		{FFE9687C-3F7F-4CDA-8F9B-DD2203E1682A}.Release|Any CPU.Build.0 = Release|Any CPU
	EndGlobalSection
	GlobalSection(SolutionProperties) = preSolution
		HideSolutionNode = FALSE
	EndGlobalSection
	GlobalSection(ExtensibilityGlobals) = postSolution
		SolutionGuid = {DE8B45F4-0941-4B51-B944-F730D264FA17}
	EndGlobalSection
EndGlobal
